// !$*UTF8*$!
{
	archiveVersion = 1;
	classes = {
	};
	objectVersion = 46;
	objects = {

/* Begin PBXBuildFile section */
		1DDD582C0DA1D0D100B32029 /* BatteryTesterDocument.xib in Resources */ = {isa = PBXBuildFile; fileRef = 1DDD58280DA1D0D100B32029 /* BatteryTesterDocument.xib */; };
		1DDD582D0DA1D0D100B32029 /* MainMenu.xib in Resources */ = {isa = PBXBuildFile; fileRef = 1DDD582A0DA1D0D100B32029 /* MainMenu.xib */; };
		28B7537B1B46F015003722D3 /* BatteryTester.icns in Resources */ = {isa = PBXBuildFile; fileRef = 28B7537A1B46F015003722D3 /* BatteryTester.icns */; };
		28F506DB1B47622E00124EA2 /* Graph.m in Sources */ = {isa = PBXBuildFile; fileRef = 28F506D61B47622E00124EA2 /* Graph.m */; };
		28F506DC1B47622E00124EA2 /* NSImage_SMExtensions.m in Sources */ = {isa = PBXBuildFile; fileRef = 28F506D81B47622E00124EA2 /* NSImage_SMExtensions.m */; };
		28F506DD1B47622E00124EA2 /* SM2DGraphView.m in Sources */ = {isa = PBXBuildFile; fileRef = 28F506DA1B47622E00124EA2 /* SM2DGraphView.m */; };
		28F506E21B47628D00124EA2 /* CocoaSerialPort.m in Sources */ = {isa = PBXBuildFile; fileRef = 28F506DF1B47628D00124EA2 /* CocoaSerialPort.m */; };
		28F506E31B47628D00124EA2 /* OldStep.m in Sources */ = {isa = PBXBuildFile; fileRef = 28F506E11B47628D00124EA2 /* OldStep.m */; };
		28F507691B47720400124EA2 /* IOKit.framework in Frameworks */ = {isa = PBXBuildFile; fileRef = 28F507681B47720400124EA2 /* IOKit.framework */; };
		8D15AC2C0486D014006FF6A4 /* Credits.rtf in Resources */ = {isa = PBXBuildFile; fileRef = 2A37F4B9FDCFA73011CA2CEA /* Credits.rtf */; };
		8D15AC2F0486D014006FF6A4 /* InfoPlist.strings in Resources */ = {isa = PBXBuildFile; fileRef = 089C165FFE840EACC02AAC07 /* InfoPlist.strings */; };
		8D15AC310486D014006FF6A4 /* BatteryTesterDocument.m in Sources */ = {isa = PBXBuildFile; fileRef = 2A37F4ACFDCFA73011CA2CEA /* BatteryTesterDocument.m */; settings = {ATTRIBUTES = (); }; };
		8D15AC320486D014006FF6A4 /* main.m in Sources */ = {isa = PBXBuildFile; fileRef = 2A37F4B0FDCFA73011CA2CEA /* main.m */; settings = {ATTRIBUTES = (); }; };
		8D15AC340486D014006FF6A4 /* Cocoa.framework in Frameworks */ = {isa = PBXBuildFile; fileRef = 1058C7A7FEA54F5311CA2CBB /* Cocoa.framework */; };
		B3D602EB1BA1087F00E578E5 /* glyphicons-174-play.png in Resources */ = {isa = PBXBuildFile; fileRef = B3D602E61BA1087F00E578E5 /* glyphicons-174-play.png */; };
		B3D602EC1BA1087F00E578E5 /* glyphicons-176-stop.png in Resources */ = {isa = PBXBuildFile; fileRef = B3D602E71BA1087F00E578E5 /* glyphicons-176-stop.png */; };
		B3D602ED1BA1087F00E578E5 /* glyphicons-179-step-forward.png in Resources */ = {isa = PBXBuildFile; fileRef = B3D602E81BA1087F00E578E5 /* glyphicons-179-step-forward.png */; };
		B3D602EE1BA1087F00E578E5 /* glyphicons-359-file-import.png in Resources */ = {isa = PBXBuildFile; fileRef = B3D602E91BA1087F00E578E5 /* glyphicons-359-file-import.png */; };
		B3D602EF1BA1087F00E578E5 /* glyphicons-360-file-export.png in Resources */ = {isa = PBXBuildFile; fileRef = B3D602EA1BA1087F00E578E5 /* glyphicons-360-file-export.png */; };
/* End PBXBuildFile section */

/* Begin PBXFileReference section */
		089C1660FE840EACC02AAC07 /* English */ = {isa = PBXFileReference; fileEncoding = 4; lastKnownFileType = text.plist.strings; name = English; path = English.lproj/InfoPlist.strings; sourceTree = "<group>"; };
		1058C7A7FEA54F5311CA2CBB /* Cocoa.framework */ = {isa = PBXFileReference; lastKnownFileType = wrapper.framework; name = Cocoa.framework; path = /System/Library/Frameworks/Cocoa.framework; sourceTree = "<absolute>"; };
		13E42FBA07B3F13500E4EEF1 /* CoreData.framework */ = {isa = PBXFileReference; lastKnownFileType = wrapper.framework; name = CoreData.framework; path = /System/Library/Frameworks/CoreData.framework; sourceTree = "<absolute>"; };
		1DDD58290DA1D0D100B32029 /* English */ = {isa = PBXFileReference; lastKnownFileType = file.xib; name = English; path = English.lproj/BatteryTesterDocument.xib; sourceTree = "<group>"; };
		1DDD582B0DA1D0D100B32029 /* English */ = {isa = PBXFileReference; lastKnownFileType = file.xib; name = English; path = English.lproj/MainMenu.xib; sourceTree = "<group>"; };
		2564AD2C0F5327BB00F57823 /* BatteryTester_Prefix.pch */ = {isa = PBXFileReference; fileEncoding = 4; lastKnownFileType = sourcecode.c.h; path = BatteryTester_Prefix.pch; sourceTree = "<group>"; };
		28B7537A1B46F015003722D3 /* BatteryTester.icns */ = {isa = PBXFileReference; lastKnownFileType = image.icns; path = BatteryTester.icns; sourceTree = "<group>"; };
		28F506D51B47622E00124EA2 /* Graph.h */ = {isa = PBXFileReference; fileEncoding = 4; lastKnownFileType = sourcecode.c.h; path = Graph.h; sourceTree = "<group>"; };
		28F506D61B47622E00124EA2 /* Graph.m */ = {isa = PBXFileReference; fileEncoding = 4; lastKnownFileType = sourcecode.c.objc; path = Graph.m; sourceTree = "<group>"; };
		28F506D71B47622E00124EA2 /* NSImage_SMExtensions.h */ = {isa = PBXFileReference; fileEncoding = 4; lastKnownFileType = sourcecode.c.h; path = NSImage_SMExtensions.h; sourceTree = "<group>"; };
		28F506D81B47622E00124EA2 /* NSImage_SMExtensions.m */ = {isa = PBXFileReference; fileEncoding = 4; lastKnownFileType = sourcecode.c.objc; path = NSImage_SMExtensions.m; sourceTree = "<group>"; };
		28F506D91B47622E00124EA2 /* SM2DGraphView.h */ = {isa = PBXFileReference; fileEncoding = 4; lastKnownFileType = sourcecode.c.h; path = SM2DGraphView.h; sourceTree = "<group>"; };
		28F506DA1B47622E00124EA2 /* SM2DGraphView.m */ = {isa = PBXFileReference; fileEncoding = 4; lastKnownFileType = sourcecode.c.objc; path = SM2DGraphView.m; sourceTree = "<group>"; };
		28F506DE1B47628D00124EA2 /* CocoaSerialPort.h */ = {isa = PBXFileReference; fileEncoding = 4; lastKnownFileType = sourcecode.c.h; path = CocoaSerialPort.h; sourceTree = "<group>"; };
		28F506DF1B47628D00124EA2 /* CocoaSerialPort.m */ = {isa = PBXFileReference; fileEncoding = 4; lastKnownFileType = sourcecode.c.objc; path = CocoaSerialPort.m; sourceTree = "<group>"; };
		28F506E01B47628D00124EA2 /* OldStep.h */ = {isa = PBXFileReference; fileEncoding = 4; lastKnownFileType = sourcecode.c.h; path = OldStep.h; sourceTree = "<group>"; };
		28F506E11B47628D00124EA2 /* OldStep.m */ = {isa = PBXFileReference; fileEncoding = 4; lastKnownFileType = sourcecode.c.objc; path = OldStep.m; sourceTree = "<group>"; };
		28F507681B47720400124EA2 /* IOKit.framework */ = {isa = PBXFileReference; lastKnownFileType = wrapper.framework; name = IOKit.framework; path = /System/Library/Frameworks/IOKit.framework; sourceTree = "<absolute>"; };
		2A37F4ACFDCFA73011CA2CEA /* BatteryTesterDocument.m */ = {isa = PBXFileReference; fileEncoding = 4; lastKnownFileType = sourcecode.c.objc; path = BatteryTesterDocument.m; sourceTree = "<group>"; };
		2A37F4AEFDCFA73011CA2CEA /* BatteryTesterDocument.h */ = {isa = PBXFileReference; fileEncoding = 4; lastKnownFileType = sourcecode.c.h; path = BatteryTesterDocument.h; sourceTree = "<group>"; };
		2A37F4B0FDCFA73011CA2CEA /* main.m */ = {isa = PBXFileReference; fileEncoding = 4; lastKnownFileType = sourcecode.c.objc; path = main.m; sourceTree = "<group>"; };
		2A37F4BAFDCFA73011CA2CEA /* English */ = {isa = PBXFileReference; lastKnownFileType = text.rtf; name = English; path = English.lproj/Credits.rtf; sourceTree = "<group>"; };
		2A37F4C4FDCFA73011CA2CEA /* AppKit.framework */ = {isa = PBXFileReference; lastKnownFileType = wrapper.framework; name = AppKit.framework; path = /System/Library/Frameworks/AppKit.framework; sourceTree = "<absolute>"; };
		2A37F4C5FDCFA73011CA2CEA /* Foundation.framework */ = {isa = PBXFileReference; lastKnownFileType = wrapper.framework; name = Foundation.framework; path = /System/Library/Frameworks/Foundation.framework; sourceTree = "<absolute>"; };
		8D15AC360486D014006FF6A4 /* BatteryTester-Info.plist */ = {isa = PBXFileReference; fileEncoding = 4; lastKnownFileType = text.plist.xml; path = "BatteryTester-Info.plist"; sourceTree = "<group>"; };
		8D15AC370486D014006FF6A4 /* BatteryTester.app */ = {isa = PBXFileReference; explicitFileType = wrapper.application; includeInIndex = 0; path = BatteryTester.app; sourceTree = BUILT_PRODUCTS_DIR; };
		B3D602E61BA1087F00E578E5 /* glyphicons-174-play.png */ = {isa = PBXFileReference; lastKnownFileType = image.png; name = "glyphicons-174-play.png"; path = "images/glyphicons-174-play.png"; sourceTree = "<group>"; };
		B3D602E71BA1087F00E578E5 /* glyphicons-176-stop.png */ = {isa = PBXFileReference; lastKnownFileType = image.png; name = "glyphicons-176-stop.png"; path = "images/glyphicons-176-stop.png"; sourceTree = "<group>"; };
		B3D602E81BA1087F00E578E5 /* glyphicons-179-step-forward.png */ = {isa = PBXFileReference; lastKnownFileType = image.png; name = "glyphicons-179-step-forward.png"; path = "images/glyphicons-179-step-forward.png"; sourceTree = "<group>"; };
		B3D602E91BA1087F00E578E5 /* glyphicons-359-file-import.png */ = {isa = PBXFileReference; lastKnownFileType = image.png; name = "glyphicons-359-file-import.png"; path = "images/glyphicons-359-file-import.png"; sourceTree = "<group>"; };
		B3D602EA1BA1087F00E578E5 /* glyphicons-360-file-export.png */ = {isa = PBXFileReference; lastKnownFileType = image.png; name = "glyphicons-360-file-export.png"; path = "images/glyphicons-360-file-export.png"; sourceTree = "<group>"; };
/* End PBXFileReference section */

/* Begin PBXFrameworksBuildPhase section */
		8D15AC330486D014006FF6A4 /* Frameworks */ = {
			isa = PBXFrameworksBuildPhase;
			buildActionMask = 2147483647;
			files = (
				8D15AC340486D014006FF6A4 /* Cocoa.framework in Frameworks */,
				28F507691B47720400124EA2 /* IOKit.framework in Frameworks */,
			);
			runOnlyForDeploymentPostprocessing = 0;
		};
/* End PBXFrameworksBuildPhase section */

/* Begin PBXGroup section */
		1058C7A6FEA54F5311CA2CBB /* Linked Frameworks */ = {
			isa = PBXGroup;
			children = (
				1058C7A7FEA54F5311CA2CBB /* Cocoa.framework */,
			);
			name = "Linked Frameworks";
			sourceTree = "<group>";
		};
		1058C7A8FEA54F5311CA2CBB /* Other Frameworks */ = {
			isa = PBXGroup;
			children = (
				2A37F4C4FDCFA73011CA2CEA /* AppKit.framework */,
				13E42FBA07B3F13500E4EEF1 /* CoreData.framework */,
				2A37F4C5FDCFA73011CA2CEA /* Foundation.framework */,
			);
			name = "Other Frameworks";
			sourceTree = "<group>";
		};
		19C28FB0FE9D524F11CA2CBB /* Products */ = {
			isa = PBXGroup;
			children = (
				8D15AC370486D014006FF6A4 /* BatteryTester.app */,
			);
			name = Products;
			sourceTree = "<group>";
		};
		28F506D41B47622E00124EA2 /* UI widgets */ = {
			isa = PBXGroup;
			children = (
				28F506D51B47622E00124EA2 /* Graph.h */,
				28F506D61B47622E00124EA2 /* Graph.m */,
				28F506D71B47622E00124EA2 /* NSImage_SMExtensions.h */,
				28F506D81B47622E00124EA2 /* NSImage_SMExtensions.m */,
				28F506D91B47622E00124EA2 /* SM2DGraphView.h */,
				28F506DA1B47622E00124EA2 /* SM2DGraphView.m */,
			);
			name = "UI widgets";
			sourceTree = "<group>";
		};
		2A37F4AAFDCFA73011CA2CEA /* BatteryTester */ = {
			isa = PBXGroup;
			children = (
				2A37F4ABFDCFA73011CA2CEA /* Classes */,
				2A37F4AFFDCFA73011CA2CEA /* Other Sources */,
				2A37F4B8FDCFA73011CA2CEA /* Resources */,
				2A37F4C3FDCFA73011CA2CEA /* Frameworks */,
				19C28FB0FE9D524F11CA2CBB /* Products */,
				28F507681B47720400124EA2 /* IOKit.framework */,
			);
			name = BatteryTester;
			sourceTree = "<group>";
		};
		2A37F4ABFDCFA73011CA2CEA /* Classes */ = {
			isa = PBXGroup;
			children = (
				2A37F4AEFDCFA73011CA2CEA /* BatteryTesterDocument.h */,
				2A37F4ACFDCFA73011CA2CEA /* BatteryTesterDocument.m */,
				28F506DE1B47628D00124EA2 /* CocoaSerialPort.h */,
				28F506DF1B47628D00124EA2 /* CocoaSerialPort.m */,
				28F506E01B47628D00124EA2 /* OldStep.h */,
				28F506E11B47628D00124EA2 /* OldStep.m */,
				28F506D41B47622E00124EA2 /* UI widgets */,
			);
			name = Classes;
			sourceTree = "<group>";
		};
		2A37F4AFFDCFA73011CA2CEA /* Other Sources */ = {
			isa = PBXGroup;
			children = (
				2564AD2C0F5327BB00F57823 /* BatteryTester_Prefix.pch */,
				2A37F4B0FDCFA73011CA2CEA /* main.m */,
			);
			name = "Other Sources";
			sourceTree = "<group>";
		};
		2A37F4B8FDCFA73011CA2CEA /* Resources */ = {
			isa = PBXGroup;
			children = (
				2A37F4B9FDCFA73011CA2CEA /* Credits.rtf */,
				8D15AC360486D014006FF6A4 /* BatteryTester-Info.plist */,
				28B7537A1B46F015003722D3 /* BatteryTester.icns */,
				089C165FFE840EACC02AAC07 /* InfoPlist.strings */,
				B3D602E61BA1087F00E578E5 /* glyphicons-174-play.png */,
				B3D602E71BA1087F00E578E5 /* glyphicons-176-stop.png */,
				B3D602E81BA1087F00E578E5 /* glyphicons-179-step-forward.png */,
				B3D602E91BA1087F00E578E5 /* glyphicons-359-file-import.png */,
				B3D602EA1BA1087F00E578E5 /* glyphicons-360-file-export.png */,
				1DDD58280DA1D0D100B32029 /* BatteryTesterDocument.xib */,
				1DDD582A0DA1D0D100B32029 /* MainMenu.xib */,
			);
			name = Resources;
			sourceTree = "<group>";
		};
		2A37F4C3FDCFA73011CA2CEA /* Frameworks */ = {
			isa = PBXGroup;
			children = (
				1058C7A6FEA54F5311CA2CBB /* Linked Frameworks */,
				1058C7A8FEA54F5311CA2CBB /* Other Frameworks */,
			);
			name = Frameworks;
			sourceTree = "<group>";
		};
/* End PBXGroup section */

/* Begin PBXNativeTarget section */
		8D15AC270486D014006FF6A4 /* BatteryTester */ = {
			isa = PBXNativeTarget;
			buildConfigurationList = C05733C708A9546B00998B17 /* Build configuration list for PBXNativeTarget "BatteryTester" */;
			buildPhases = (
				8D15AC2B0486D014006FF6A4 /* Resources */,
				8D15AC300486D014006FF6A4 /* Sources */,
				8D15AC330486D014006FF6A4 /* Frameworks */,
			);
			buildRules = (
			);
			dependencies = (
			);
			name = BatteryTester;
			productInstallPath = "$(HOME)/Applications";
			productName = BatteryTester;
			productReference = 8D15AC370486D014006FF6A4 /* BatteryTester.app */;
			productType = "com.apple.product-type.application";
		};
/* End PBXNativeTarget section */

/* Begin PBXProject section */
		2A37F4A9FDCFA73011CA2CEA /* Project object */ = {
			isa = PBXProject;
			attributes = {
				LastUpgradeCheck = 0620;
			};
			buildConfigurationList = C05733CB08A9546B00998B17 /* Build configuration list for PBXProject "BatteryTester" */;
			compatibilityVersion = "Xcode 3.2";
			developmentRegion = English;
			hasScannedForEncodings = 1;
			knownRegions = (
				en,
			);
			mainGroup = 2A37F4AAFDCFA73011CA2CEA /* BatteryTester */;
			projectDirPath = "";
			projectRoot = "";
			targets = (
				8D15AC270486D014006FF6A4 /* BatteryTester */,
			);
		};
/* End PBXProject section */

/* Begin PBXResourcesBuildPhase section */
		8D15AC2B0486D014006FF6A4 /* Resources */ = {
			isa = PBXResourcesBuildPhase;
			buildActionMask = 2147483647;
			files = (
				8D15AC2C0486D014006FF6A4 /* Credits.rtf in Resources */,
				B3D602EC1BA1087F00E578E5 /* glyphicons-176-stop.png in Resources */,
				8D15AC2F0486D014006FF6A4 /* InfoPlist.strings in Resources */,
				B3D602ED1BA1087F00E578E5 /* glyphicons-179-step-forward.png in Resources */,
				B3D602EE1BA1087F00E578E5 /* glyphicons-359-file-import.png in Resources */,
				1DDD582C0DA1D0D100B32029 /* BatteryTesterDocument.xib in Resources */,
				1DDD582D0DA1D0D100B32029 /* MainMenu.xib in Resources */,
				B3D602EF1BA1087F00E578E5 /* glyphicons-360-file-export.png in Resources */,
				B3D602EB1BA1087F00E578E5 /* glyphicons-174-play.png in Resources */,
				28B7537B1B46F015003722D3 /* BatteryTester.icns in Resources */,
			);
			runOnlyForDeploymentPostprocessing = 0;
		};
/* End PBXResourcesBuildPhase section */

/* Begin PBXSourcesBuildPhase section */
		8D15AC300486D014006FF6A4 /* Sources */ = {
			isa = PBXSourcesBuildPhase;
			buildActionMask = 2147483647;
			files = (
				8D15AC310486D014006FF6A4 /* BatteryTesterDocument.m in Sources */,
				8D15AC320486D014006FF6A4 /* main.m in Sources */,
				28F506DB1B47622E00124EA2 /* Graph.m in Sources */,
				28F506DC1B47622E00124EA2 /* NSImage_SMExtensions.m in Sources */,
				28F506DD1B47622E00124EA2 /* SM2DGraphView.m in Sources */,
				28F506E21B47628D00124EA2 /* CocoaSerialPort.m in Sources */,
				28F506E31B47628D00124EA2 /* OldStep.m in Sources */,
			);
			runOnlyForDeploymentPostprocessing = 0;
		};
/* End PBXSourcesBuildPhase section */

/* Begin PBXVariantGroup section */
		089C165FFE840EACC02AAC07 /* InfoPlist.strings */ = {
			isa = PBXVariantGroup;
			children = (
				089C1660FE840EACC02AAC07 /* English */,
			);
			name = InfoPlist.strings;
			sourceTree = "<group>";
		};
		1DDD58280DA1D0D100B32029 /* BatteryTesterDocument.xib */ = {
			isa = PBXVariantGroup;
			children = (
				1DDD58290DA1D0D100B32029 /* English */,
			);
			name = BatteryTesterDocument.xib;
			sourceTree = "<group>";
		};
		1DDD582A0DA1D0D100B32029 /* MainMenu.xib */ = {
			isa = PBXVariantGroup;
			children = (
				1DDD582B0DA1D0D100B32029 /* English */,
			);
			name = MainMenu.xib;
			sourceTree = "<group>";
		};
		2A37F4B9FDCFA73011CA2CEA /* Credits.rtf */ = {
			isa = PBXVariantGroup;
			children = (
				2A37F4BAFDCFA73011CA2CEA /* English */,
			);
			name = Credits.rtf;
			sourceTree = "<group>";
		};
/* End PBXVariantGroup section */

/* Begin XCBuildConfiguration section */
		C05733C808A9546B00998B17 /* Debug */ = {
			isa = XCBuildConfiguration;
			buildSettings = {
				ALWAYS_SEARCH_USER_PATHS = NO;
				COMBINE_HIDPI_IMAGES = YES;
				COPY_PHASE_STRIP = NO;
				GCC_DYNAMIC_NO_PIC = NO;
				GCC_ENABLE_FIX_AND_CONTINUE = YES;
				GCC_MODEL_TUNING = G5;
				GCC_OPTIMIZATION_LEVEL = 0;
				GCC_PRECOMPILE_PREFIX_HEADER = YES;
				GCC_PREFIX_HEADER = BatteryTester_Prefix.pch;
				INFOPLIST_FILE = "BatteryTester-Info.plist";
				INSTALL_PATH = "$(HOME)/Applications";
				MACOSX_DEPLOYMENT_TARGET = 10.6;
				PRODUCT_NAME = BatteryTester;
			};
			name = Debug;
		};
		C05733C908A9546B00998B17 /* Release */ = {
			isa = XCBuildConfiguration;
			buildSettings = {
				ALWAYS_SEARCH_USER_PATHS = NO;
				COMBINE_HIDPI_IMAGES = YES;
				DEBUG_INFORMATION_FORMAT = "dwarf-with-dsym";
				GCC_MODEL_TUNING = G5;
				GCC_PRECOMPILE_PREFIX_HEADER = YES;
				GCC_PREFIX_HEADER = BatteryTester_Prefix.pch;
				INFOPLIST_FILE = "BatteryTester-Info.plist";
				INSTALL_PATH = "$(HOME)/Applications";
				MACOSX_DEPLOYMENT_TARGET = 10.6;
				PRODUCT_NAME = BatteryTester;
			};
			name = Release;
		};
		C05733CC08A9546B00998B17 /* Debug */ = {
			isa = XCBuildConfiguration;
			buildSettings = {
				GCC_C_LANGUAGE_STANDARD = gnu99;
				GCC_OPTIMIZATION_LEVEL = 0;
				GCC_WARN_ABOUT_RETURN_TYPE = YES;
				GCC_WARN_UNUSED_VARIABLE = YES;
				ONLY_ACTIVE_ARCH = YES;
				PREBINDING = NO;
				SDKROOT = macosx;
			};
			name = Debug;
		};
		C05733CD08A9546B00998B17 /* Release */ = {
			isa = XCBuildConfiguration;
			buildSettings = {
				GCC_C_LANGUAGE_STANDARD = gnu99;
				GCC_WARN_ABOUT_RETURN_TYPE = YES;
				GCC_WARN_UNUSED_VARIABLE = YES;
				PREBINDING = NO;
				SDKROOT = macosx;
			};
			name = Release;
		};
/* End XCBuildConfiguration section */

/* Begin XCConfigurationList section */
		C05733C708A9546B00998B17 /* Build configuration list for PBXNativeTarget "BatteryTester" */ = {
			isa = XCConfigurationList;
			buildConfigurations = (
				C05733C808A9546B00998B17 /* Debug */,
				C05733C908A9546B00998B17 /* Release */,
			);
			defaultConfigurationIsVisible = 0;
			defaultConfigurationName = Release;
		};
		C05733CB08A9546B00998B17 /* Build configuration list for PBXProject "BatteryTester" */ = {
			isa = XCConfigurationList;
			buildConfigurations = (
				C05733CC08A9546B00998B17 /* Debug */,
				C05733CD08A9546B00998B17 /* Release */,
			);
			defaultConfigurationIsVisible = 0;
			defaultConfigurationName = Release;
		};
/* End XCConfigurationList section */
	};
	rootObject = 2A37F4A9FDCFA73011CA2CEA /* Project object */;
}
